
Microsoft Visual Studio Solution File, Format Version 12.00
# Visual Studio Version 17
VisualStudioVersion = 17.13.35828.75 d17.13
MinimumVisualStudioVersion = 10.0.40219.1
Project("{FAE04EC0-301F-11D3-BF4B-00C04F79EFBC}") = "webapijenkins", "webapijenkins\webapijenkins.csproj", "{5B1E3937-4FB0-4A37-AFB3-FB80579A1738}"
EndProject
Global
	GlobalSection(SolutionConfigurationPlatforms) = preSolution
		Debug|Any CPU = Debug|Any CPU
		Release|Any CPU = Release|Any CPU
	EndGlobalSection
	GlobalSection(ProjectConfigurationPlatforms) = postSolution
		{5B1E3937-4FB0-4A37-AFB3-FB80579A1738}.Debug|Any CPU.ActiveCfg = Debug|Any CPU
		{5B1E3937-4FB0-4A37-AFB3-FB80579A1738}.Debug|Any CPU.Build.0 = Debug|Any CPU
		{5B1E3937-4FB0-4A37-AFB3-FB80579A1738}.Release|Any CPU.ActiveCfg = Release|Any CPU
		{5B1E3937-4FB0-4A37-AFB3-FB80579A1738}.Release|Any CPU.Build.0 = Release|Any CPU
	EndGlobalSection
	GlobalSection(SolutionProperties) = preSolution
		HideSolutionNode = FALSE
	EndGlobalSection
	GlobalSection(ExtensibilityGlobals) = postSolution
		SolutionGuid = {6EE965CA-1090-47ED-9CA1-FB2B53AF8B7A}
	EndGlobalSection
EndGlobal
